// !$*UTF8*$!
{
	archiveVersion = 1;
	classes = {
	};
	objectVersion = 50;
	objects = {

/* Begin PBXBuildFile section */
		975D4256259F7F7200A18109 /* weatherMeApp.swift in Sources */ = {isa = PBXBuildFile; fileRef = 975D4255259F7F7200A18109 /* weatherMeApp.swift */; };
		975D4258259F7F7200A18109 /* ContentView.swift in Sources */ = {isa = PBXBuildFile; fileRef = 975D4257259F7F7200A18109 /* ContentView.swift */; };
		975D425A259F7F7400A18109 /* Assets.xcassets in Resources */ = {isa = PBXBuildFile; fileRef = 975D4259259F7F7400A18109 /* Assets.xcassets */; };
		975D425D259F7F7400A18109 /* Preview Assets.xcassets in Resources */ = {isa = PBXBuildFile; fileRef = 975D425C259F7F7400A18109 /* Preview Assets.xcassets */; };
		975D4268259F7F7500A18109 /* weatherMeTests.swift in Sources */ = {isa = PBXBuildFile; fileRef = 975D4267259F7F7500A18109 /* weatherMeTests.swift */; };
		975D4273259F7F7500A18109 /* weatherMeUITests.swift in Sources */ = {isa = PBXBuildFile; fileRef = 975D4272259F7F7500A18109 /* weatherMeUITests.swift */; };
/* End PBXBuildFile section */

/* Begin PBXContainerItemProxy section */
		975D4264259F7F7500A18109 /* PBXContainerItemProxy */ = {
			isa = PBXContainerItemProxy;
			containerPortal = 975D424A259F7F7200A18109 /* Project object */;
			proxyType = 1;
			remoteGlobalIDString = 975D4251259F7F7200A18109;
			remoteInfo = weatherMe;
		};
		975D426F259F7F7500A18109 /* PBXContainerItemProxy */ = {
			isa = PBXContainerItemProxy;
			containerPortal = 975D424A259F7F7200A18109 /* Project object */;
			proxyType = 1;
			remoteGlobalIDString = 975D4251259F7F7200A18109;
			remoteInfo = weatherMe;
		};
/* End PBXContainerItemProxy section */

/* Begin PBXFileReference section */
		975D4252259F7F7200A18109 /* weatherMe.app */ = {isa = PBXFileReference; explicitFileType = wrapper.application; includeInIndex = 0; path = weatherMe.app; sourceTree = BUILT_PRODUCTS_DIR; };
		975D4255259F7F7200A18109 /* weatherMeApp.swift */ = {isa = PBXFileReference; lastKnownFileType = sourcecode.swift; path = weatherMeApp.swift; sourceTree = "<group>"; };
		975D4257259F7F7200A18109 /* ContentView.swift */ = {isa = PBXFileReference; lastKnownFileType = sourcecode.swift; path = ContentView.swift; sourceTree = "<group>"; };
		975D4259259F7F7400A18109 /* Assets.xcassets */ = {isa = PBXFileReference; lastKnownFileType = folder.assetcatalog; path = Assets.xcassets; sourceTree = "<group>"; };
		975D425C259F7F7400A18109 /* Preview Assets.xcassets */ = {isa = PBXFileReference; lastKnownFileType = folder.assetcatalog; path = "Preview Assets.xcassets"; sourceTree = "<group>"; };
		975D425E259F7F7400A18109 /* Info.plist */ = {isa = PBXFileReference; lastKnownFileType = text.plist.xml; path = Info.plist; sourceTree = "<group>"; };
		975D4263259F7F7500A18109 /* weatherMeTests.xctest */ = {isa = PBXFileReference; explicitFileType = wrapper.cfbundle; includeInIndex = 0; path = weatherMeTests.xctest; sourceTree = BUILT_PRODUCTS_DIR; };
		975D4267259F7F7500A18109 /* weatherMeTests.swift */ = {isa = PBXFileReference; lastKnownFileType = sourcecode.swift; path = weatherMeTests.swift; sourceTree = "<group>"; };
		975D4269259F7F7500A18109 /* Info.plist */ = {isa = PBXFileReference; lastKnownFileType = text.plist.xml; path = Info.plist; sourceTree = "<group>"; };
		975D426E259F7F7500A18109 /* weatherMeUITests.xctest */ = {isa = PBXFileReference; explicitFileType = wrapper.cfbundle; includeInIndex = 0; path = weatherMeUITests.xctest; sourceTree = BUILT_PRODUCTS_DIR; };
		975D4272259F7F7500A18109 /* weatherMeUITests.swift */ = {isa = PBXFileReference; lastKnownFileType = sourcecode.swift; path = weatherMeUITests.swift; sourceTree = "<group>"; };
		975D4274259F7F7500A18109 /* Info.plist */ = {isa = PBXFileReference; lastKnownFileType = text.plist.xml; path = Info.plist; sourceTree = "<group>"; };
/* End PBXFileReference section */

/* Begin PBXFrameworksBuildPhase section */
		975D424F259F7F7200A18109 /* Frameworks */ = {
			isa = PBXFrameworksBuildPhase;
			buildActionMask = 2147483647;
			files = (
			);
			runOnlyForDeploymentPostprocessing = 0;
		};
		975D4260259F7F7500A18109 /* Frameworks */ = {
			isa = PBXFrameworksBuildPhase;
			buildActionMask = 2147483647;
			files = (
			);
			runOnlyForDeploymentPostprocessing = 0;
		};
		975D426B259F7F7500A18109 /* Frameworks */ = {
			isa = PBXFrameworksBuildPhase;
			buildActionMask = 2147483647;
			files = (
			);
			runOnlyForDeploymentPostprocessing = 0;
		};
/* End PBXFrameworksBuildPhase section */

/* Begin PBXGroup section */
		975D4249259F7F7200A18109 = {
			isa = PBXGroup;
			children = (
				975D4254259F7F7200A18109 /* weatherMe */,
				975D4266259F7F7500A18109 /* weatherMeTests */,
				975D4271259F7F7500A18109 /* weatherMeUITests */,
				975D4253259F7F7200A18109 /* Products */,
			);
			sourceTree = "<group>";
		};
		975D4253259F7F7200A18109 /* Products */ = {
			isa = PBXGroup;
			children = (
				975D4252259F7F7200A18109 /* weatherMe.app */,
				975D4263259F7F7500A18109 /* weatherMeTests.xctest */,
				975D426E259F7F7500A18109 /* weatherMeUITests.xctest */,
			);
			name = Products;
			sourceTree = "<group>";
		};
		975D4254259F7F7200A18109 /* weatherMe */ = {
			isa = PBXGroup;
			children = (
				975D4255259F7F7200A18109 /* weatherMeApp.swift */,
				975D4257259F7F7200A18109 /* ContentView.swift */,
				975D4259259F7F7400A18109 /* Assets.xcassets */,
				975D425E259F7F7400A18109 /* Info.plist */,
				975D425B259F7F7400A18109 /* Preview Content */,
			);
			path = weatherMe;
			sourceTree = "<group>";
		};
		975D425B259F7F7400A18109 /* Preview Content */ = {
			isa = PBXGroup;
			children = (
				975D425C259F7F7400A18109 /* Preview Assets.xcassets */,
			);
			path = "Preview Content";
			sourceTree = "<group>";
		};
		975D4266259F7F7500A18109 /* weatherMeTests */ = {
			isa = PBXGroup;
			children = (
				975D4267259F7F7500A18109 /* weatherMeTests.swift */,
				975D4269259F7F7500A18109 /* Info.plist */,
			);
			path = weatherMeTests;
			sourceTree = "<group>";
		};
		975D4271259F7F7500A18109 /* weatherMeUITests */ = {
			isa = PBXGroup;
			children = (
				975D4272259F7F7500A18109 /* weatherMeUITests.swift */,
				975D4274259F7F7500A18109 /* Info.plist */,
			);
			path = weatherMeUITests;
			sourceTree = "<group>";
		};
/* End PBXGroup section */

/* Begin PBXNativeTarget section */
		975D4251259F7F7200A18109 /* weatherMe */ = {
			isa = PBXNativeTarget;
			buildConfigurationList = 975D4277259F7F7500A18109 /* Build configuration list for PBXNativeTarget "weatherMe" */;
			buildPhases = (
				975D424E259F7F7200A18109 /* Sources */,
				975D424F259F7F7200A18109 /* Frameworks */,
				975D4250259F7F7200A18109 /* Resources */,
			);
			buildRules = (
			);
			dependencies = (
			);
			name = weatherMe;
			productName = weatherMe;
			productReference = 975D4252259F7F7200A18109 /* weatherMe.app */;
			productType = "com.apple.product-type.application";
		};
		975D4262259F7F7500A18109 /* weatherMeTests */ = {
			isa = PBXNativeTarget;
			buildConfigurationList = 975D427A259F7F7500A18109 /* Build configuration list for PBXNativeTarget "weatherMeTests" */;
			buildPhases = (
				975D425F259F7F7500A18109 /* Sources */,
				975D4260259F7F7500A18109 /* Frameworks */,
				975D4261259F7F7500A18109 /* Resources */,
			);
			buildRules = (
			);
			dependencies = (
				975D4265259F7F7500A18109 /* PBXTargetDependency */,
			);
			name = weatherMeTests;
			productName = weatherMeTests;
			productReference = 975D4263259F7F7500A18109 /* weatherMeTests.xctest */;
			productType = "com.apple.product-type.bundle.unit-test";
		};
		975D426D259F7F7500A18109 /* weatherMeUITests */ = {
			isa = PBXNativeTarget;
			buildConfigurationList = 975D427D259F7F7500A18109 /* Build configuration list for PBXNativeTarget "weatherMeUITests" */;
			buildPhases = (
				975D426A259F7F7500A18109 /* Sources */,
				975D426B259F7F7500A18109 /* Frameworks */,
				975D426C259F7F7500A18109 /* Resources */,
			);
			buildRules = (
			);
			dependencies = (
				975D4270259F7F7500A18109 /* PBXTargetDependency */,
			);
			name = weatherMeUITests;
			productName = weatherMeUITests;
			productReference = 975D426E259F7F7500A18109 /* weatherMeUITests.xctest */;
			productType = "com.apple.product-type.bundle.ui-testing";
		};
/* End PBXNativeTarget section */

/* Begin PBXProject section */
		975D424A259F7F7200A18109 /* Project object */ = {
			isa = PBXProject;
			attributes = {
				LastSwiftUpdateCheck = 1230;
				LastUpgradeCheck = 1230;
				TargetAttributes = {
					975D4251259F7F7200A18109 = {
						CreatedOnToolsVersion = 12.3;
					};
					975D4262259F7F7500A18109 = {
						CreatedOnToolsVersion = 12.3;
						TestTargetID = 975D4251259F7F7200A18109;
					};
					975D426D259F7F7500A18109 = {
						CreatedOnToolsVersion = 12.3;
						TestTargetID = 975D4251259F7F7200A18109;
					};
				};
			};
			buildConfigurationList = 975D424D259F7F7200A18109 /* Build configuration list for PBXProject "weatherMe" */;
			compatibilityVersion = "Xcode 9.3";
			developmentRegion = en;
			hasScannedForEncodings = 0;
			knownRegions = (
				en,
				Base,
			);
			mainGroup = 975D4249259F7F7200A18109;
			productRefGroup = 975D4253259F7F7200A18109 /* Products */;
			projectDirPath = "";
			projectRoot = "";
			targets = (
				975D4251259F7F7200A18109 /* weatherMe */,
				975D4262259F7F7500A18109 /* weatherMeTests */,
				975D426D259F7F7500A18109 /* weatherMeUITests */,
			);
		};
/* End PBXProject section */

/* Begin PBXResourcesBuildPhase section */
		975D4250259F7F7200A18109 /* Resources */ = {
			isa = PBXResourcesBuildPhase;
			buildActionMask = 2147483647;
			files = (
				975D425D259F7F7400A18109 /* Preview Assets.xcassets in Resources */,
				975D425A259F7F7400A18109 /* Assets.xcassets in Resources */,
			);
			runOnlyForDeploymentPostprocessing = 0;
		};
		975D4261259F7F7500A18109 /* Resources */ = {
			isa = PBXResourcesBuildPhase;
			buildActionMask = 2147483647;
			files = (
			);
			runOnlyForDeploymentPostprocessing = 0;
		};
		975D426C259F7F7500A18109 /* Resources */ = {
			isa = PBXResourcesBuildPhase;
			buildActionMask = 2147483647;
			files = (
			);
			runOnlyForDeploymentPostprocessing = 0;
		};
/* End PBXResourcesBuildPhase section */

/* Begin PBXSourcesBuildPhase section */
		975D424E259F7F7200A18109 /* Sources */ = {
			isa = PBXSourcesBuildPhase;
			buildActionMask = 2147483647;
			files = (
				975D4258259F7F7200A18109 /* ContentView.swift in Sources */,
				975D4256259F7F7200A18109 /* weatherMeApp.swift in Sources */,
			);
			runOnlyForDeploymentPostprocessing = 0;
		};
		975D425F259F7F7500A18109 /* Sources */ = {
			isa = PBXSourcesBuildPhase;
			buildActionMask = 2147483647;
			files = (
				975D4268259F7F7500A18109 /* weatherMeTests.swift in Sources */,
			);
			runOnlyForDeploymentPostprocessing = 0;
		};
		975D426A259F7F7500A18109 /* Sources */ = {
			isa = PBXSourcesBuildPhase;
			buildActionMask = 2147483647;
			files = (
				975D4273259F7F7500A18109 /* weatherMeUITests.swift in Sources */,
			);
			runOnlyForDeploymentPostprocessing = 0;
		};
/* End PBXSourcesBuildPhase section */

/* Begin PBXTargetDependency section */
		975D4265259F7F7500A18109 /* PBXTargetDependency */ = {
			isa = PBXTargetDependency;
			target = 975D4251259F7F7200A18109 /* weatherMe */;
			targetProxy = 975D4264259F7F7500A18109 /* PBXContainerItemProxy */;
		};
		975D4270259F7F7500A18109 /* PBXTargetDependency */ = {
			isa = PBXTargetDependency;
			target = 975D4251259F7F7200A18109 /* weatherMe */;
			targetProxy = 975D426F259F7F7500A18109 /* PBXContainerItemProxy */;
		};
/* End PBXTargetDependency section */

/* Begin XCBuildConfiguration section */
		975D4275259F7F7500A18109 /* Debug */ = {
			isa = XCBuildConfiguration;
			buildSettings = {
				ALWAYS_SEARCH_USER_PATHS = NO;
				CLANG_ANALYZER_NONNULL = YES;
				CLANG_ANALYZER_NUMBER_OBJECT_CONVERSION = YES_AGGRESSIVE;
				CLANG_CXX_LANGUAGE_STANDARD = "gnu++14";
				CLANG_CXX_LIBRARY = "libc++";
				CLANG_ENABLE_MODULES = YES;
				CLANG_ENABLE_OBJC_ARC = YES;
				CLANG_ENABLE_OBJC_WEAK = YES;
				CLANG_WARN_BLOCK_CAPTURE_AUTORELEASING = YES;
				CLANG_WARN_BOOL_CONVERSION = YES;
				CLANG_WARN_COMMA = YES;
				CLANG_WARN_CONSTANT_CONVERSION = YES;
				CLANG_WARN_DEPRECATED_OBJC_IMPLEMENTATIONS = YES;
				CLANG_WARN_DIRECT_OBJC_ISA_USAGE = YES_ERROR;
				CLANG_WARN_DOCUMENTATION_COMMENTS = YES;
				CLANG_WARN_EMPTY_BODY = YES;
				CLANG_WARN_ENUM_CONVERSION = YES;
				CLANG_WARN_INFINITE_RECURSION = YES;
				CLANG_WARN_INT_CONVERSION = YES;
				CLANG_WARN_NON_LITERAL_NULL_CONVERSION = YES;
				CLANG_WARN_OBJC_IMPLICIT_RETAIN_SELF = YES;
				CLANG_WARN_OBJC_LITERAL_CONVERSION = YES;
				CLANG_WARN_OBJC_ROOT_CLASS = YES_ERROR;
				CLANG_WARN_QUOTED_INCLUDE_IN_FRAMEWORK_HEADER = YES;
				CLANG_WARN_RANGE_LOOP_ANALYSIS = YES;
				CLANG_WARN_STRICT_PROTOTYPES = YES;
				CLANG_WARN_SUSPICIOUS_MOVE = YES;
				CLANG_WARN_UNGUARDED_AVAILABILITY = YES_AGGRESSIVE;
				CLANG_WARN_UNREACHABLE_CODE = YES;
				CLANG_WARN__DUPLICATE_METHOD_MATCH = YES;
				COPY_PHASE_STRIP = NO;
				DEBUG_INFORMATION_FORMAT = dwarf;
				ENABLE_STRICT_OBJC_MSGSEND = YES;
				ENABLE_TESTABILITY = YES;
				GCC_C_LANGUAGE_STANDARD = gnu11;
				GCC_DYNAMIC_NO_PIC = NO;
				GCC_NO_COMMON_BLOCKS = YES;
				GCC_OPTIMIZATION_LEVEL = 0;
				GCC_PREPROCESSOR_DEFINITIONS = (
					"DEBUG=1",
					"$(inherited)",
				);
				GCC_WARN_64_TO_32_BIT_CONVERSION = YES;
				GCC_WARN_ABOUT_RETURN_TYPE = YES_ERROR;
				GCC_WARN_UNDECLARED_SELECTOR = YES;
				GCC_WARN_UNINITIALIZED_AUTOS = YES_AGGRESSIVE;
				GCC_WARN_UNUSED_FUNCTION = YES;
				GCC_WARN_UNUSED_VARIABLE = YES;
				IPHONEOS_DEPLOYMENT_TARGET = 14.3;
				MTL_ENABLE_DEBUG_INFO = INCLUDE_SOURCE;
				MTL_FAST_MATH = YES;
				ONLY_ACTIVE_ARCH = YES;
				SDKROOT = iphoneos;
				SWIFT_ACTIVE_COMPILATION_CONDITIONS = DEBUG;
				SWIFT_OPTIMIZATION_LEVEL = "-Onone";
			};
			name = Debug;
		};
		975D4276259F7F7500A18109 /* Release */ = {
			isa = XCBuildConfiguration;
			buildSettings = {
				ALWAYS_SEARCH_USER_PATHS = NO;
				CLANG_ANALYZER_NONNULL = YES;
				CLANG_ANALYZER_NUMBER_OBJECT_CONVERSION = YES_AGGRESSIVE;
				CLANG_CXX_LANGUAGE_STANDARD = "gnu++14";
				CLANG_CXX_LIBRARY = "libc++";
				CLANG_ENABLE_MODULES = YES;
				CLANG_ENABLE_OBJC_ARC = YES;
				CLANG_ENABLE_OBJC_WEAK = YES;
				CLANG_WARN_BLOCK_CAPTURE_AUTORELEASING = YES;
				CLANG_WARN_BOOL_CONVERSION = YES;
				CLANG_WARN_COMMA = YES;
				CLANG_WARN_CONSTANT_CONVERSION = YES;
				CLANG_WARN_DEPRECATED_OBJC_IMPLEMENTATIONS = YES;
				CLANG_WARN_DIRECT_OBJC_ISA_USAGE = YES_ERROR;
				CLANG_WARN_DOCUMENTATION_COMMENTS = YES;
				CLANG_WARN_EMPTY_BODY = YES;
				CLANG_WARN_ENUM_CONVERSION = YES;
				CLANG_WARN_INFINITE_RECURSION = YES;
				CLANG_WARN_INT_CONVERSION = YES;
				CLANG_WARN_NON_LITERAL_NULL_CONVERSION = YES;
				CLANG_WARN_OBJC_IMPLICIT_RETAIN_SELF = YES;
				CLANG_WARN_OBJC_LITERAL_CONVERSION = YES;
				CLANG_WARN_OBJC_ROOT_CLASS = YES_ERROR;
				CLANG_WARN_QUOTED_INCLUDE_IN_FRAMEWORK_HEADER = YES;
				CLANG_WARN_RANGE_LOOP_ANALYSIS = YES;
				CLANG_WARN_STRICT_PROTOTYPES = YES;
				CLANG_WARN_SUSPICIOUS_MOVE = YES;
				CLANG_WARN_UNGUARDED_AVAILABILITY = YES_AGGRESSIVE;
				CLANG_WARN_UNREACHABLE_CODE = YES;
				CLANG_WARN__DUPLICATE_METHOD_MATCH = YES;
				COPY_PHASE_STRIP = NO;
				DEBUG_INFORMATION_FORMAT = "dwarf-with-dsym";
				ENABLE_NS_ASSERTIONS = NO;
				ENABLE_STRICT_OBJC_MSGSEND = YES;
				GCC_C_LANGUAGE_STANDARD = gnu11;
				GCC_NO_COMMON_BLOCKS = YES;
				GCC_WARN_64_TO_32_BIT_CONVERSION = YES;
				GCC_WARN_ABOUT_RETURN_TYPE = YES_ERROR;
				GCC_WARN_UNDECLARED_SELECTOR = YES;
				GCC_WARN_UNINITIALIZED_AUTOS = YES_AGGRESSIVE;
				GCC_WARN_UNUSED_FUNCTION = YES;
				GCC_WARN_UNUSED_VARIABLE = YES;
				IPHONEOS_DEPLOYMENT_TARGET = 14.3;
				MTL_ENABLE_DEBUG_INFO = NO;
				MTL_FAST_MATH = YES;
				SDKROOT = iphoneos;
				SWIFT_COMPILATION_MODE = wholemodule;
				SWIFT_OPTIMIZATION_LEVEL = "-O";
				VALIDATE_PRODUCT = YES;
			};
			name = Release;
		};
		975D4278259F7F7500A18109 /* Debug */ = {
			isa = XCBuildConfiguration;
			buildSettings = {
				ASSETCATALOG_COMPILER_APPICON_NAME = AppIcon;
				ASSETCATALOG_COMPILER_GLOBAL_ACCENT_COLOR_NAME = AccentColor;
				CODE_SIGN_STYLE = Automatic;
				DEVELOPMENT_ASSET_PATHS = "\"weatherMe/Preview Content\"";
				DEVELOPMENT_TEAM = R3K2497LK5;
				ENABLE_PREVIEWS = YES;
				INFOPLIST_FILE = weatherMe/Info.plist;
				IPHONEOS_DEPLOYMENT_TARGET = 14.0;
				LD_RUNPATH_SEARCH_PATHS = (
					"$(inherited)",
					"@executable_path/Frameworks",
				);
				PRODUCT_BUNDLE_IDENTIFIER = com.weatherMe.weatherMe;
				PRODUCT_NAME = "$(TARGET_NAME)";
				SWIFT_VERSION = 5.0;
				TARGETED_DEVICE_FAMILY = "1,2";
			};
			name = Debug;
		};
		975D4279259F7F7500A18109 /* Release */ = {
			isa = XCBuildConfiguration;
			buildSettings = {
				ASSETCATALOG_COMPILER_APPICON_NAME = AppIcon;
				ASSETCATALOG_COMPILER_GLOBAL_ACCENT_COLOR_NAME = AccentColor;
				CODE_SIGN_STYLE = Automatic;
				DEVELOPMENT_ASSET_PATHS = "\"weatherMe/Preview Content\"";
				DEVELOPMENT_TEAM = R3K2497LK5;
				ENABLE_PREVIEWS = YES;
				INFOPLIST_FILE = weatherMe/Info.plist;
				IPHONEOS_DEPLOYMENT_TARGET = 14.0;
				LD_RUNPATH_SEARCH_PATHS = (
					"$(inherited)",
					"@executable_path/Frameworks",
				);
				PRODUCT_BUNDLE_IDENTIFIER = com.weatherMe.weatherMe;
				PRODUCT_NAME = "$(TARGET_NAME)";
				SWIFT_VERSION = 5.0;
				TARGETED_DEVICE_FAMILY = "1,2";
			};
			name = Release;
		};
		975D427B259F7F7500A18109 /* Debug */ = {
			isa = XCBuildConfiguration;
			buildSettings = {
				ALWAYS_EMBED_SWIFT_STANDARD_LIBRARIES = YES;
				BUNDLE_LOADER = "$(TEST_HOST)";
				CODE_SIGN_STYLE = Automatic;
				DEVELOPMENT_TEAM = R3K2497LK5;
				INFOPLIST_FILE = weatherMeTests/Info.plist;
				IPHONEOS_DEPLOYMENT_TARGET = 14.0;
				LD_RUNPATH_SEARCH_PATHS = (
					"$(inherited)",
					"@executable_path/Frameworks",
					"@loader_path/Frameworks",
				);
				PRODUCT_BUNDLE_IDENTIFIER = com.weatherMe.weatherMeTests;
				PRODUCT_NAME = "$(TARGET_NAME)";
				SWIFT_VERSION = 5.0;
				TARGETED_DEVICE_FAMILY = "1,2";
				TEST_HOST = "$(BUILT_PRODUCTS_DIR)/weatherMe.app/weatherMe";
			};
			name = Debug;
		};
		975D427C259F7F7500A18109 /* Release */ = {
			isa = XCBuildConfiguration;
			buildSettings = {
				ALWAYS_EMBED_SWIFT_STANDARD_LIBRARIES = YES;
				BUNDLE_LOADER = "$(TEST_HOST)";
				CODE_SIGN_STYLE = Automatic;
				DEVELOPMENT_TEAM = R3K2497LK5;
				INFOPLIST_FILE = weatherMeTests/Info.plist;
				IPHONEOS_DEPLOYMENT_TARGET = 14.0;
				LD_RUNPATH_SEARCH_PATHS = (
					"$(inherited)",
					"@executable_path/Frameworks",
					"@loader_path/Frameworks",
				);
				PRODUCT_BUNDLE_IDENTIFIER = com.weatherMe.weatherMeTests;
				PRODUCT_NAME = "$(TARGET_NAME)";
				SWIFT_VERSION = 5.0;
				TARGETED_DEVICE_FAMILY = "1,2";
				TEST_HOST = "$(BUILT_PRODUCTS_DIR)/weatherMe.app/weatherMe";
			};
			name = Release;
		};
		975D427E259F7F7500A18109 /* Debug */ = {
			isa = XCBuildConfiguration;
			buildSettings = {
				ALWAYS_EMBED_SWIFT_STANDARD_LIBRARIES = YES;
				CODE_SIGN_STYLE = Automatic;
				DEVELOPMENT_TEAM = R3K2497LK5;
				INFOPLIST_FILE = weatherMeUITests/Info.plist;
				LD_RUNPATH_SEARCH_PATHS = (
					"$(inherited)",
					"@executable_path/Frameworks",
					"@loader_path/Frameworks",
				);
				PRODUCT_BUNDLE_IDENTIFIER = com.weatherMe.weatherMeUITests;
				PRODUCT_NAME = "$(TARGET_NAME)";
				SWIFT_VERSION = 5.0;
				TARGETED_DEVICE_FAMILY = "1,2";
				TEST_TARGET_NAME = weatherMe;
			};
			name = Debug;
		};
		975D427F259F7F7500A18109 /* Release */ = {
			isa = XCBuildConfiguration;
			buildSettings = {
				ALWAYS_EMBED_SWIFT_STANDARD_LIBRARIES = YES;
				CODE_SIGN_STYLE = Automatic;
				DEVELOPMENT_TEAM = R3K2497LK5;
				INFOPLIST_FILE = weatherMeUITests/Info.plist;
				LD_RUNPATH_SEARCH_PATHS = (
					"$(inherited)",
					"@executable_path/Frameworks",
					"@loader_path/Frameworks",
				);
				PRODUCT_BUNDLE_IDENTIFIER = com.weatherMe.weatherMeUITests;
				PRODUCT_NAME = "$(TARGET_NAME)";
				SWIFT_VERSION = 5.0;
				TARGETED_DEVICE_FAMILY = "1,2";
				TEST_TARGET_NAME = weatherMe;
			};
			name = Release;
		};
/* End XCBuildConfiguration section */

/* Begin XCConfigurationList section */
		975D424D259F7F7200A18109 /* Build configuration list for PBXProject "weatherMe" */ = {
			isa = XCConfigurationList;
			buildConfigurations = (
				975D4275259F7F7500A18109 /* Debug */,
				975D4276259F7F7500A18109 /* Release */,
			);
			defaultConfigurationIsVisible = 0;
			defaultConfigurationName = Release;
		};
		975D4277259F7F7500A18109 /* Build configuration list for PBXNativeTarget "weatherMe" */ = {
			isa = XCConfigurationList;
			buildConfigurations = (
				975D4278259F7F7500A18109 /* Debug */,
				975D4279259F7F7500A18109 /* Release */,
			);
			defaultConfigurationIsVisible = 0;
			defaultConfigurationName = Release;
		};
		975D427A259F7F7500A18109 /* Build configuration list for PBXNativeTarget "weatherMeTests" */ = {
			isa = XCConfigurationList;
			buildConfigurations = (
				975D427B259F7F7500A18109 /* Debug */,
				975D427C259F7F7500A18109 /* Release */,
			);
			defaultConfigurationIsVisible = 0;
			defaultConfigurationName = Release;
		};
		975D427D259F7F7500A18109 /* Build configuration list for PBXNativeTarget "weatherMeUITests" */ = {
			isa = XCConfigurationList;
			buildConfigurations = (
				975D427E259F7F7500A18109 /* Debug */,
				975D427F259F7F7500A18109 /* Release */,
			);
			defaultConfigurationIsVisible = 0;
			defaultConfigurationName = Release;
		};
/* End XCConfigurationList section */
	};
	rootObject = 975D424A259F7F7200A18109 /* Project object */;
}
